
Microsoft Visual Studio Solution File, Format Version 12.00
# Visual Studio Version 16
VisualStudioVersion = 16.0.28803.202
MinimumVisualStudioVersion = 10.0.40219.1
Project("{9A19103F-16F7-4668-BE54-9A1E7A4F7556}") = "Mackiloha", "Mackiloha\Mackiloha.csproj", "{6F65B855-4191-45BD-956C-6D1513AFDADB}"
EndProject
Project("{9A19103F-16F7-4668-BE54-9A1E7A4F7556}") = "GLTFTools", "GLTFTools\GLTFTools.csproj", "{DA9AA7F3-6D6A-46F6-A692-C630CC4D1CB2}"
EndProject
Project("{9A19103F-16F7-4668-BE54-9A1E7A4F7556}") = "Boom", "Boom\Boom.csproj", "{37D0BE92-0C3C-4750-A379-727ECA7F79F2}"
EndProject
Project("{9A19103F-16F7-4668-BE54-9A1E7A4F7556}") = "SuperFreqCLI", "SuperFreqCLI\SuperFreqCLI.csproj", "{9C672ED2-8C14-47D3-9869-9B418977CFDE}"
EndProject
Project("{FAE04EC0-301F-11D3-BF4B-00C04F79EFBC}") = "Mackiloha.App", "Mackiloha.App\Mackiloha.App.csproj", "{508FDBB0-649B-4E2B-9FD9-1725387A37A9}"
EndProject
Global
	GlobalSection(SolutionConfigurationPlatforms) = preSolution
		Debug|Any CPU = Debug|Any CPU
		Release|Any CPU = Release|Any CPU
	EndGlobalSection
	GlobalSection(ProjectConfigurationPlatforms) = postSolution
		{6F65B855-4191-45BD-956C-6D1513AFDADB}.Debug|Any CPU.ActiveCfg = Debug|Any CPU
		{6F65B855-4191-45BD-956C-6D1513AFDADB}.Debug|Any CPU.Build.0 = Debug|Any CPU
		{6F65B855-4191-45BD-956C-6D1513AFDADB}.Release|Any CPU.ActiveCfg = Release|Any CPU
		{6F65B855-4191-45BD-956C-6D1513AFDADB}.Release|Any CPU.Build.0 = Release|Any CPU
		{DA9AA7F3-6D6A-46F6-A692-C630CC4D1CB2}.Debug|Any CPU.ActiveCfg = Debug|Any CPU
		{DA9AA7F3-6D6A-46F6-A692-C630CC4D1CB2}.Debug|Any CPU.Build.0 = Debug|Any CPU
		{DA9AA7F3-6D6A-46F6-A692-C630CC4D1CB2}.Release|Any CPU.ActiveCfg = Release|Any CPU
		{DA9AA7F3-6D6A-46F6-A692-C630CC4D1CB2}.Release|Any CPU.Build.0 = Release|Any CPU
		{37D0BE92-0C3C-4750-A379-727ECA7F79F2}.Debug|Any CPU.ActiveCfg = Debug|Any CPU
		{37D0BE92-0C3C-4750-A379-727ECA7F79F2}.Debug|Any CPU.Build.0 = Debug|Any CPU
		{37D0BE92-0C3C-4750-A379-727ECA7F79F2}.Release|Any CPU.ActiveCfg = Release|Any CPU
		{37D0BE92-0C3C-4750-A379-727ECA7F79F2}.Release|Any CPU.Build.0 = Release|Any CPU
		{9C672ED2-8C14-47D3-9869-9B418977CFDE}.Debug|Any CPU.ActiveCfg = Debug|Any CPU
		{9C672ED2-8C14-47D3-9869-9B418977CFDE}.Debug|Any CPU.Build.0 = Debug|Any CPU
		{9C672ED2-8C14-47D3-9869-9B418977CFDE}.Release|Any CPU.ActiveCfg = Release|Any CPU
		{9C672ED2-8C14-47D3-9869-9B418977CFDE}.Release|Any CPU.Build.0 = Release|Any CPU
		{508FDBB0-649B-4E2B-9FD9-1725387A37A9}.Debug|Any CPU.ActiveCfg = Debug|Any CPU
		{508FDBB0-649B-4E2B-9FD9-1725387A37A9}.Debug|Any CPU.Build.0 = Debug|Any CPU
		{508FDBB0-649B-4E2B-9FD9-1725387A37A9}.Release|Any CPU.ActiveCfg = Release|Any CPU
		{508FDBB0-649B-4E2B-9FD9-1725387A37A9}.Release|Any CPU.Build.0 = Release|Any CPU
	EndGlobalSection
	GlobalSection(SolutionProperties) = preSolution
		HideSolutionNode = FALSE
	EndGlobalSection
	GlobalSection(ExtensibilityGlobals) = postSolution
		SolutionGuid = {77AE96A2-EA7A-4043-ABE4-8537574194FF}
	EndGlobalSection
EndGlobal
