
Microsoft Visual Studio Solution File, Format Version 12.00
# Visual Studio 15
VisualStudioVersion = 15.0.27004.2006
MinimumVisualStudioVersion = 10.0.40219.1
Project("{FAE04EC0-301F-11D3-BF4B-00C04F79EFBC}") = "Mackiloha", "Mackiloha\Mackiloha.csproj", "{6F65B855-4191-45BD-956C-6D1513AFDADB}"
EndProject
Project("{FAE04EC0-301F-11D3-BF4B-00C04F79EFBC}") = "Porkchop", "Porkchop\Porkchop.csproj", "{17164C6F-EB95-4DF5-A897-4CFEFE2D160F}"
EndProject
Project("{FAE04EC0-301F-11D3-BF4B-00C04F79EFBC}") = "SuperFreq", "SuperFreq\SuperFreq.csproj", "{45FB4506-5EB0-4259-8CA5-389BE08644A6}"
EndProject
Project("{FAE04EC0-301F-11D3-BF4B-00C04F79EFBC}") = "ChunkyBear", "ChunkyBear\ChunkyBear.csproj", "{907246A3-C743-4F93-942D-7F9C405A0737}"
EndProject
Project("{FAE04EC0-301F-11D3-BF4B-00C04F79EFBC}") = "MiloStardust", "MiloStardust\MiloStardust.csproj", "{84175D3E-B9CF-47D0-A959-6A1153B9E7D1}"
EndProject
Global
	GlobalSection(SolutionConfigurationPlatforms) = preSolution
		Debug|Any CPU = Debug|Any CPU
		Release|Any CPU = Release|Any CPU
	EndGlobalSection
	GlobalSection(ProjectConfigurationPlatforms) = postSolution
		{6F65B855-4191-45BD-956C-6D1513AFDADB}.Debug|Any CPU.ActiveCfg = Debug|Any CPU
		{6F65B855-4191-45BD-956C-6D1513AFDADB}.Debug|Any CPU.Build.0 = Debug|Any CPU
		{6F65B855-4191-45BD-956C-6D1513AFDADB}.Release|Any CPU.ActiveCfg = Release|Any CPU
		{6F65B855-4191-45BD-956C-6D1513AFDADB}.Release|Any CPU.Build.0 = Release|Any CPU
		{17164C6F-EB95-4DF5-A897-4CFEFE2D160F}.Debug|Any CPU.ActiveCfg = Debug|Any CPU
		{17164C6F-EB95-4DF5-A897-4CFEFE2D160F}.Debug|Any CPU.Build.0 = Debug|Any CPU
		{17164C6F-EB95-4DF5-A897-4CFEFE2D160F}.Release|Any CPU.ActiveCfg = Release|Any CPU
		{17164C6F-EB95-4DF5-A897-4CFEFE2D160F}.Release|Any CPU.Build.0 = Release|Any CPU
		{45FB4506-5EB0-4259-8CA5-389BE08644A6}.Debug|Any CPU.ActiveCfg = Debug|Any CPU
		{45FB4506-5EB0-4259-8CA5-389BE08644A6}.Debug|Any CPU.Build.0 = Debug|Any CPU
		{45FB4506-5EB0-4259-8CA5-389BE08644A6}.Release|Any CPU.ActiveCfg = Release|Any CPU
		{45FB4506-5EB0-4259-8CA5-389BE08644A6}.Release|Any CPU.Build.0 = Release|Any CPU
		{907246A3-C743-4F93-942D-7F9C405A0737}.Debug|Any CPU.ActiveCfg = Debug|Any CPU
		{907246A3-C743-4F93-942D-7F9C405A0737}.Debug|Any CPU.Build.0 = Debug|Any CPU
		{907246A3-C743-4F93-942D-7F9C405A0737}.Release|Any CPU.ActiveCfg = Release|Any CPU
		{907246A3-C743-4F93-942D-7F9C405A0737}.Release|Any CPU.Build.0 = Release|Any CPU
		{84175D3E-B9CF-47D0-A959-6A1153B9E7D1}.Debug|Any CPU.ActiveCfg = Debug|Any CPU
		{84175D3E-B9CF-47D0-A959-6A1153B9E7D1}.Debug|Any CPU.Build.0 = Debug|Any CPU
		{84175D3E-B9CF-47D0-A959-6A1153B9E7D1}.Release|Any CPU.ActiveCfg = Release|Any CPU
		{84175D3E-B9CF-47D0-A959-6A1153B9E7D1}.Release|Any CPU.Build.0 = Release|Any CPU
	EndGlobalSection
	GlobalSection(SolutionProperties) = preSolution
		HideSolutionNode = FALSE
	EndGlobalSection
	GlobalSection(ExtensibilityGlobals) = postSolution
		SolutionGuid = {77AE96A2-EA7A-4043-ABE4-8537574194FF}
	EndGlobalSection
EndGlobal
